github.com/FuturFusion/migration-manager v0.6.15 h1:FFIG9VfddtZROn4zl1xUcdbkBKlb9YFlSBgjWEQQ28w=
github.com/FuturFusion/migration-manager v0.6.15/go.mod h1:66zNiPVGWOHOL1WWoE4gmdHyr2lU9HL8Q+l8fT/3bQk=
github.com/FuturFusion/openfga-sync v0.0.0-20260802043841-c17052a24795 h1:/jyG2XG6lE4b+bQjLJ/wPUDv0WFojrxIdgFI8VCnXH8=
github.com/FuturFusion/openfga-sync v0.0.0-20260802043841-c17052a24795/go.mod h1:mk74DKK7jzS6KYCHFzZX19j1Mcg47m4iBJuaNlGYVSA=
github.com/FuturFusion/operations-center v0.8.1 h1:sP+68w6pD7rfF3t5w47YXOC8gVdJ3QBf+9BElrOUt8I=
github.com/FuturFusion/operations-center v0.8.1/go.mod h1:6ChlbBb54lRchT7qRxX8rcCqdUQPWrPP/B7xHy81sV4=
github.com/davecgh/go-spew v1.1.2-0.20180830191138-d8f796af33cc h1:U9qPSI2PIWSS1VwoXQT9A3Wy9MM3WgvqSxFWenqJduM=
github.com/davecgh/go-spew v1.1.2-0.20180830191138-d8f796af33cc/go.mod h1:J7Y8YcW2NihsgmVo/mv3lAwl/skON4iLHjSsI+c5H38=
github.com/go-jose/go-jose/v4 v4.1.4 h1:moDMcTHmvE6Groj34emNPLs/qtYXRVcd6S7NHbHz3kA=
github.com/go-jose/go-jose/v4 v4.1.4/go.mod h1:x4oUasVrzR7071A4TnHLGSPpNOm2a21K9Kf04k1rs08=
github.com/google/uuid v1.6.0 h1:NIvaJDMOsjHA8n1jAhLSgzrAzy1Hgr+hNrb57e+94F0=
github.com/google/uuid v1.6.0/go.mod h1:TIyPZe4MgqvfeYDBFedMoGGpEw/LqOeaOT+nhxU+yHo=
github.com/lxc/incus-os/incus-osd v0.0.0-20260815030500-0f5b8057f2fc h1:rqaB8S8vjar+9kZDKLGt2Kz1rfVsiu5Sfm9cCF6spDY=
github.com/lxc/incus-os/incus-osd v0.0.0-20260815030500-0f5b8057f2fc/go.mod h1:MlQ6QAk4H3uLRA+6gmTsr6NxJpi93ruzIXZCMaVv5CE=
github.com/lxc/incus/v7 v7.3.0 h1:el791Bfg9u6HBmu8gJYypqJ5w66CDkvUbiOkOBOn8rw=
github.com/lxc/incus/v7 v7.3.0/go.mod h1:jTXcffGBp+1HcGsduDWXG52Yk3wnJZxzGBUDXqCaMCc=
github.com/muhlemmer/gu v0.3.1 h1:7EAqmFrW7n3hETvuAdmFmn4hS8W+z3LgKtrnow+YzNM=
github.com/muhlemmer/gu v0.3.1/go.mod h1:YHtHR+gxM+bKEIIs7Hmi9sPT3ZDUvTN/i88wQpZkrdM=
github.com/pmezard/go-difflib v1.0.1-0.20181226105442-5d4384ee4fb2 h1:Jamvg5psRIccs7FGNTlIRMkT8wgtp5eCXdBlqhYGL6U=
github.com/pmezard/go-difflib v1.0.1-0.20181226105442-5d4384ee4fb2/go.mod h1:iKH77koFhYxTK1pcRnkKkqfTogsbg7gZNVY4sRDYZ/4=
github.com/stretchr/testify v1.11.1 h1:7s2iGBzp5EwR7/aIZr8ao5+dra3wiQyKjjFuvgVKu7U=
github.com/stretchr/testify v1.11.1/go.mod h1:wZwfW3scLgRK+23gO65QZefKpKQRnfz6sD981Nm4B6U=
github.com/zitadel/oidc/v3 v3.49.2 h1:yKvB2Hx6rVWp0vOTk1pEyXAPxJusgIHNmr20AxOohmQ=
github.com/zitadel/oidc/v3 v3.49.2/go.mod h1:HwoguOGo0eem0RK5Gb+P6Q4aQLVinJ9LhomlVEA57ck=
github.com/zitadel/schema v1.3.2 h1:gfJvt7dOMfTmxzhscZ9KkapKo3Nei3B6cAxjav+lyjI=
github.com/zitadel/schema v1.3.2/go.mod h1:IZmdfF9Wu62Zu6tJJTH3UsArevs3Y4smfJIj3L8fzxw=
go.yaml.in/yaml/v4 v4.0.0-rc.6 h1:1h7H1ohdUh93/FyE4YaDa1Zh64K6VVbjF4K6WUxMtH4=
go.yaml.in/yaml/v4 v4.0.0-rc.6/go.mod h1:aZqd9kCMsGL7AuUv/m/PvWLdg5sjJsZ4oHDEnfPPfY0=
golang.org/x/oauth2 v0.36.0 h1:peZ/1z27fi9hUOFCAZaHyrpWG5lwe0RJEEEeH0ThlIs=
golang.org/x/oauth2 v0.36.0/go.mod h1:YDBUJMTkDnJS+A4BP4eZBjCqtokkg1hODuPjwiGPO7Q=
golang.org/x/text v0.40.0 h1:Ub2Z6/xjgF1WrYQz2nuITOEegKFtiIy+rieRJ5lHZKs=
golang.org/x/text v0.40.0/go.mod h1:hpnzDAfGV753zIKo+wk3u1bVKCGPbrnF7+7LBF/UHVY=
gopkg.in/yaml.v3 v3.0.1 h1:fxVm/GzAzEWqLHuvctI91KS9hhNmmWOoWu0XTYJS7CA=
gopkg.in/yaml.v3 v3.0.1/go.mod h1:K4uyk7z7BCEPqu6E+C64Yfv1cQ7kz7rIZviUmN+EgEM=
